
Microsoft Visual Studio Solution File, Format Version 12.00
# Visual Studio Version 17
VisualStudioVersion = 17.0.31903.59
MinimumVisualStudioVersion = 10.0.40219.1
Project("{2150E333-8FDC-42A3-9474-1A3956D46DE8}") = "src", "src", "{827E0CD3-B72D-47B6-A68D-7590B98EB39B}"
EndProject
Project("{2150E333-8FDC-42A3-9474-1A3956D46DE8}") = "services", "services", "{984BB9B3-3FA3-BE33-9484-CAC21695A33C}"
EndProject
Project("{2150E333-8FDC-42A3-9474-1A3956D46DE8}") = "OrderService", "OrderService", "{F5625D22-DF6D-6E20-0384-6B2F7CAD8697}"
EndProject
Project("{FAE04EC0-301F-11D3-BF4B-00C04F79EFBC}") = "OrderService.Api", "src\services\OrderService\OrderService.Api\OrderService.Api.csproj", "{4212590E-C026-43A5-B2BC-20B90B3008F4}"
EndProject
Project("{FAE04EC0-301F-11D3-BF4B-00C04F79EFBC}") = "OrderService.Domain", "src\services\OrderService\OrderService.Domain\OrderService.Domain.csproj", "{B28F0072-59E1-47E9-B842-7EC47CE82DB2}"
EndProject
Project("{FAE04EC0-301F-11D3-BF4B-00C04F79EFBC}") = "OrderService.Application", "src\services\OrderService\OrderService.Application\OrderService.Application.csproj", "{DD9A1160-6CB6-4833-8D38-A9EC710283C9}"
EndProject
Project("{FAE04EC0-301F-11D3-BF4B-00C04F79EFBC}") = "OrderService.Infrastructure", "src\services\OrderService\OrderService.Infrastructure\OrderService.Infrastructure.csproj", "{C704F591-14A2-4E59-9ECD-1C3A22A1E99B}"
EndProject
Project("{FAE04EC0-301F-11D3-BF4B-00C04F79EFBC}") = "OrderService.Contracts", "src\services\OrderService\OrderService.Contracts\OrderService.Contracts.csproj", "{E5D37D69-54D0-4E82-AB73-2A6D6D37AD11}"
EndProject
Project("{FAE04EC0-301F-11D3-BF4B-00C04F79EFBC}") = "OrderService.Security", "src\services\OrderService\OrderService.Security\OrderService.Security.csproj", "{3D88576C-E3CC-4A87-9CBF-B5B520DC22B5}"
EndProject
Project("{FAE04EC0-301F-11D3-BF4B-00C04F79EFBC}") = "OrderService.Configuration", "src\services\OrderService\OrderService.Configuration\OrderService.Configuration.csproj", "{EFB5E823-AD82-4CAA-8DD2-87D46F33B55F}"
EndProject
Project("{FAE04EC0-301F-11D3-BF4B-00C04F79EFBC}") = "OrderService.Tests", "src\services\OrderService\OrderService.Tests\OrderService.Tests.csproj", "{9BF09E16-DAE5-4D01-83B5-75BA081B4C89}"
EndProject
Project("{2150E333-8FDC-42A3-9474-1A3956D46DE8}") = "InventoryService", "InventoryService", "{2F82A921-F5AC-497D-C46A-64A82B34AE26}"
EndProject
Project("{FAE04EC0-301F-11D3-BF4B-00C04F79EFBC}") = "InventoryService.Api", "src\services\InventoryService\InventoryService.Api\InventoryService.Api.csproj", "{40DA3767-DC0A-4056-977A-967DD96EF072}"
EndProject
Project("{FAE04EC0-301F-11D3-BF4B-00C04F79EFBC}") = "InventoryService.Domain", "src\services\InventoryService\InventoryService.Domain\InventoryService.Domain.csproj", "{D11A736D-CA65-4DB6-9ACC-A30A95B12FD3}"
EndProject
Project("{FAE04EC0-301F-11D3-BF4B-00C04F79EFBC}") = "InventoryService.Application", "src\services\InventoryService\InventoryService.Application\InventoryService.Application.csproj", "{BEB77366-353F-4BEC-A57E-83B6846DBB60}"
EndProject
Project("{FAE04EC0-301F-11D3-BF4B-00C04F79EFBC}") = "InventoryService.Infrastructure", "src\services\InventoryService\InventoryService.Infrastructure\InventoryService.Infrastructure.csproj", "{1DD4ECF0-67E0-4D31-BD95-A15BA792E4CB}"
EndProject
Project("{FAE04EC0-301F-11D3-BF4B-00C04F79EFBC}") = "InventoryService.Contracts", "src\services\InventoryService\InventoryService.Contracts\InventoryService.Contracts.csproj", "{5278A619-C7A7-4DD6-8732-C48E7532541F}"
EndProject
Project("{FAE04EC0-301F-11D3-BF4B-00C04F79EFBC}") = "InventoryService.Security", "src\services\InventoryService\InventoryService.Security\InventoryService.Security.csproj", "{786049B0-458B-4BC1-88A5-CB63165BEDEC}"
EndProject
Project("{FAE04EC0-301F-11D3-BF4B-00C04F79EFBC}") = "InventoryService.Configuration", "src\services\InventoryService\InventoryService.Configuration\InventoryService.Configuration.csproj", "{F36D1356-030E-4877-BA08-2B7FF5CC1088}"
EndProject
Project("{FAE04EC0-301F-11D3-BF4B-00C04F79EFBC}") = "InventoryService.Tests", "src\services\InventoryService\InventoryService.Tests\InventoryService.Tests.csproj", "{C5DBD598-4B30-41BE-8CBB-922843BB50B7}"
EndProject
Project("{2150E333-8FDC-42A3-9474-1A3956D46DE8}") = "shared", "shared", "{C8E42992-5E42-0C2B-DBFE-AA848D06431C}"
EndProject
Project("{FAE04EC0-301F-11D3-BF4B-00C04F79EFBC}") = "BuildingBlocks", "src\shared\BuildingBlocks\BuildingBlocks.csproj", "{2A3DDD6A-7404-44E4-AC07-BB320D752C73}"
EndProject
Project("{FAE04EC0-301F-11D3-BF4B-00C04F79EFBC}") = "Security", "src\shared\Security\Security.csproj", "{9FEAE684-B7B7-4013-B7A0-6D95DEBD7B97}"
EndProject
Project("{FAE04EC0-301F-11D3-BF4B-00C04F79EFBC}") = "Observability", "src\shared\Observability\Observability.csproj", "{A47A4EA3-860B-48CF-8BBA-396C33A37C56}"
EndProject
Project("{FAE04EC0-301F-11D3-BF4B-00C04F79EFBC}") = "Messaging", "src\shared\Messaging\Messaging.csproj", "{841F98C7-8AEE-4DF3-A337-CE4BEF5074DC}"
EndProject
Project("{FAE04EC0-301F-11D3-BF4B-00C04F79EFBC}") = "Validation", "src\shared\Validation\Validation.csproj", "{BB22B35D-ADD3-4220-AE18-31B2FE70C066}"
EndProject
Project("{2150E333-8FDC-42A3-9474-1A3956D46DE8}") = "gateway", "gateway", "{6306A8FB-679E-111F-6585-8F70E0EE6013}"
EndProject
Project("{FAE04EC0-301F-11D3-BF4B-00C04F79EFBC}") = "ApiGateway", "src\gateway\ApiGateway\ApiGateway.csproj", "{7F6D6031-4072-4B5C-AC2B-5C36ED36106A}"
EndProject
Project("{2150E333-8FDC-42A3-9474-1A3956D46DE8}") = "IdentityService", "IdentityService", "{3D2E8631-8982-4CD8-85A8-437089729894}"
EndProject
Project("{FAE04EC0-301F-11D3-BF4B-00C04F79EFBC}") = "IdentityService.Api", "src\services\IdentityService\IdentityService.Api\IdentityService.Api.csproj", "{8D08788E-118A-47A8-BE4B-66E05C10941E}"
EndProject
Project("{FAE04EC0-301F-11D3-BF4B-00C04F79EFBC}") = "IdentityService.Domain", "src\services\IdentityService\IdentityService.Domain\IdentityService.Domain.csproj", "{57D11A66-592F-4CEC-B7CF-C20D2FBF1986}"
EndProject
Project("{FAE04EC0-301F-11D3-BF4B-00C04F79EFBC}") = "IdentityService.Application", "src\services\IdentityService\IdentityService.Application\IdentityService.Application.csproj", "{C1BF1DD3-78C6-4BB1-A8F7-AF154D5AB7EA}"
EndProject
Project("{FAE04EC0-301F-11D3-BF4B-00C04F79EFBC}") = "IdentityService.Infrastructure", "src\services\IdentityService\IdentityService.Infrastructure\IdentityService.Infrastructure.csproj", "{55E9A3A1-E403-4EA9-B59B-08051D9F2B47}"
EndProject
Project("{FAE04EC0-301F-11D3-BF4B-00C04F79EFBC}") = "IdentityService.Contracts", "src\services\IdentityService\IdentityService.Contracts\IdentityService.Contracts.csproj", "{44DCD081-6E87-42F1-A37F-515C186BA88D}"
EndProject
Project("{FAE04EC0-301F-11D3-BF4B-00C04F79EFBC}") = "IdentityService.Security", "src\services\IdentityService\IdentityService.Security\IdentityService.Security.csproj", "{18CAB63F-FD81-4E89-98CE-856BE7B99492}"
EndProject
Project("{FAE04EC0-301F-11D3-BF4B-00C04F79EFBC}") = "IdentityService.Configuration", "src\services\IdentityService\IdentityService.Configuration\IdentityService.Configuration.csproj", "{817CDD85-E808-40A0-A548-DBB25122C45F}"
EndProject
Global
	GlobalSection(SolutionConfigurationPlatforms) = preSolution
		Debug|Any CPU = Debug|Any CPU
		Debug|x64 = Debug|x64
		Debug|x86 = Debug|x86
		Release|Any CPU = Release|Any CPU
		Release|x64 = Release|x64
		Release|x86 = Release|x86
	EndGlobalSection
	GlobalSection(ProjectConfigurationPlatforms) = postSolution
		{4212590E-C026-43A5-B2BC-20B90B3008F4}.Debug|Any CPU.ActiveCfg = Debug|Any CPU
		{4212590E-C026-43A5-B2BC-20B90B3008F4}.Debug|Any CPU.Build.0 = Debug|Any CPU
		{4212590E-C026-43A5-B2BC-20B90B3008F4}.Debug|x64.ActiveCfg = Debug|Any CPU
		{4212590E-C026-43A5-B2BC-20B90B3008F4}.Debug|x64.Build.0 = Debug|Any CPU
		{4212590E-C026-43A5-B2BC-20B90B3008F4}.Debug|x86.ActiveCfg = Debug|Any CPU
		{4212590E-C026-43A5-B2BC-20B90B3008F4}.Debug|x86.Build.0 = Debug|Any CPU
		{4212590E-C026-43A5-B2BC-20B90B3008F4}.Release|Any CPU.ActiveCfg = Release|Any CPU
		{4212590E-C026-43A5-B2BC-20B90B3008F4}.Release|Any CPU.Build.0 = Release|Any CPU
		{4212590E-C026-43A5-B2BC-20B90B3008F4}.Release|x64.ActiveCfg = Release|Any CPU
		{4212590E-C026-43A5-B2BC-20B90B3008F4}.Release|x64.Build.0 = Release|Any CPU
		{4212590E-C026-43A5-B2BC-20B90B3008F4}.Release|x86.ActiveCfg = Release|Any CPU
		{4212590E-C026-43A5-B2BC-20B90B3008F4}.Release|x86.Build.0 = Release|Any CPU
		{B28F0072-59E1-47E9-B842-7EC47CE82DB2}.Debug|Any CPU.ActiveCfg = Debug|Any CPU
		{B28F0072-59E1-47E9-B842-7EC47CE82DB2}.Debug|Any CPU.Build.0 = Debug|Any CPU
		{B28F0072-59E1-47E9-B842-7EC47CE82DB2}.Debug|x64.ActiveCfg = Debug|Any CPU
		{B28F0072-59E1-47E9-B842-7EC47CE82DB2}.Debug|x64.Build.0 = Debug|Any CPU
		{B28F0072-59E1-47E9-B842-7EC47CE82DB2}.Debug|x86.ActiveCfg = Debug|Any CPU
		{B28F0072-59E1-47E9-B842-7EC47CE82DB2}.Debug|x86.Build.0 = Debug|Any CPU
		{B28F0072-59E1-47E9-B842-7EC47CE82DB2}.Release|Any CPU.ActiveCfg = Release|Any CPU
		{B28F0072-59E1-47E9-B842-7EC47CE82DB2}.Release|Any CPU.Build.0 = Release|Any CPU
		{B28F0072-59E1-47E9-B842-7EC47CE82DB2}.Release|x64.ActiveCfg = Release|Any CPU
		{B28F0072-59E1-47E9-B842-7EC47CE82DB2}.Release|x64.Build.0 = Release|Any CPU
		{B28F0072-59E1-47E9-B842-7EC47CE82DB2}.Release|x86.ActiveCfg = Release|Any CPU
		{B28F0072-59E1-47E9-B842-7EC47CE82DB2}.Release|x86.Build.0 = Release|Any CPU
		{DD9A1160-6CB6-4833-8D38-A9EC710283C9}.Debug|Any CPU.ActiveCfg = Debug|Any CPU
		{DD9A1160-6CB6-4833-8D38-A9EC710283C9}.Debug|Any CPU.Build.0 = Debug|Any CPU
		{DD9A1160-6CB6-4833-8D38-A9EC710283C9}.Debug|x64.ActiveCfg = Debug|Any CPU
		{DD9A1160-6CB6-4833-8D38-A9EC710283C9}.Debug|x64.Build.0 = Debug|Any CPU
		{DD9A1160-6CB6-4833-8D38-A9EC710283C9}.Debug|x86.ActiveCfg = Debug|Any CPU
		{DD9A1160-6CB6-4833-8D38-A9EC710283C9}.Debug|x86.Build.0 = Debug|Any CPU
		{DD9A1160-6CB6-4833-8D38-A9EC710283C9}.Release|Any CPU.ActiveCfg = Release|Any CPU
		{DD9A1160-6CB6-4833-8D38-A9EC710283C9}.Release|Any CPU.Build.0 = Release|Any CPU
		{DD9A1160-6CB6-4833-8D38-A9EC710283C9}.Release|x64.ActiveCfg = Release|Any CPU
		{DD9A1160-6CB6-4833-8D38-A9EC710283C9}.Release|x64.Build.0 = Release|Any CPU
		{DD9A1160-6CB6-4833-8D38-A9EC710283C9}.Release|x86.ActiveCfg = Release|Any CPU
		{DD9A1160-6CB6-4833-8D38-A9EC710283C9}.Release|x86.Build.0 = Release|Any CPU
		{C704F591-14A2-4E59-9ECD-1C3A22A1E99B}.Debug|Any CPU.ActiveCfg = Debug|Any CPU
		{C704F591-14A2-4E59-9ECD-1C3A22A1E99B}.Debug|Any CPU.Build.0 = Debug|Any CPU
		{C704F591-14A2-4E59-9ECD-1C3A22A1E99B}.Debug|x64.ActiveCfg = Debug|Any CPU
		{C704F591-14A2-4E59-9ECD-1C3A22A1E99B}.Debug|x64.Build.0 = Debug|Any CPU
		{C704F591-14A2-4E59-9ECD-1C3A22A1E99B}.Debug|x86.ActiveCfg = Debug|Any CPU
		{C704F591-14A2-4E59-9ECD-1C3A22A1E99B}.Debug|x86.Build.0 = Debug|Any CPU
		{C704F591-14A2-4E59-9ECD-1C3A22A1E99B}.Release|Any CPU.ActiveCfg = Release|Any CPU
		{C704F591-14A2-4E59-9ECD-1C3A22A1E99B}.Release|Any CPU.Build.0 = Release|Any CPU
		{C704F591-14A2-4E59-9ECD-1C3A22A1E99B}.Release|x64.ActiveCfg = Release|Any CPU
		{C704F591-14A2-4E59-9ECD-1C3A22A1E99B}.Release|x64.Build.0 = Release|Any CPU
		{C704F591-14A2-4E59-9ECD-1C3A22A1E99B}.Release|x86.ActiveCfg = Release|Any CPU
		{C704F591-14A2-4E59-9ECD-1C3A22A1E99B}.Release|x86.Build.0 = Release|Any CPU
		{E5D37D69-54D0-4E82-AB73-2A6D6D37AD11}.Debug|Any CPU.ActiveCfg = Debug|Any CPU
		{E5D37D69-54D0-4E82-AB73-2A6D6D37AD11}.Debug|Any CPU.Build.0 = Debug|Any CPU
		{E5D37D69-54D0-4E82-AB73-2A6D6D37AD11}.Debug|x64.ActiveCfg = Debug|Any CPU
		{E5D37D69-54D0-4E82-AB73-2A6D6D37AD11}.Debug|x64.Build.0 = Debug|Any CPU
		{E5D37D69-54D0-4E82-AB73-2A6D6D37AD11}.Debug|x86.ActiveCfg = Debug|Any CPU
		{E5D37D69-54D0-4E82-AB73-2A6D6D37AD11}.Debug|x86.Build.0 = Debug|Any CPU
		{E5D37D69-54D0-4E82-AB73-2A6D6D37AD11}.Release|Any CPU.ActiveCfg = Release|Any CPU
		{E5D37D69-54D0-4E82-AB73-2A6D6D37AD11}.Release|Any CPU.Build.0 = Release|Any CPU
		{E5D37D69-54D0-4E82-AB73-2A6D6D37AD11}.Release|x64.ActiveCfg = Release|Any CPU
		{E5D37D69-54D0-4E82-AB73-2A6D6D37AD11}.Release|x64.Build.0 = Release|Any CPU
		{E5D37D69-54D0-4E82-AB73-2A6D6D37AD11}.Release|x86.ActiveCfg = Release|Any CPU
		{E5D37D69-54D0-4E82-AB73-2A6D6D37AD11}.Release|x86.Build.0 = Release|Any CPU
		{3D88576C-E3CC-4A87-9CBF-B5B520DC22B5}.Debug|Any CPU.ActiveCfg = Debug|Any CPU
		{3D88576C-E3CC-4A87-9CBF-B5B520DC22B5}.Debug|Any CPU.Build.0 = Debug|Any CPU
		{3D88576C-E3CC-4A87-9CBF-B5B520DC22B5}.Debug|x64.ActiveCfg = Debug|Any CPU
		{3D88576C-E3CC-4A87-9CBF-B5B520DC22B5}.Debug|x64.Build.0 = Debug|Any CPU
		{3D88576C-E3CC-4A87-9CBF-B5B520DC22B5}.Debug|x86.ActiveCfg = Debug|Any CPU
		{3D88576C-E3CC-4A87-9CBF-B5B520DC22B5}.Debug|x86.Build.0 = Debug|Any CPU
		{3D88576C-E3CC-4A87-9CBF-B5B520DC22B5}.Release|Any CPU.ActiveCfg = Release|Any CPU
		{3D88576C-E3CC-4A87-9CBF-B5B520DC22B5}.Release|Any CPU.Build.0 = Release|Any CPU
		{3D88576C-E3CC-4A87-9CBF-B5B520DC22B5}.Release|x64.ActiveCfg = Release|Any CPU
		{3D88576C-E3CC-4A87-9CBF-B5B520DC22B5}.Release|x64.Build.0 = Release|Any CPU
		{3D88576C-E3CC-4A87-9CBF-B5B520DC22B5}.Release|x86.ActiveCfg = Release|Any CPU
		{3D88576C-E3CC-4A87-9CBF-B5B520DC22B5}.Release|x86.Build.0 = Release|Any CPU
		{EFB5E823-AD82-4CAA-8DD2-87D46F33B55F}.Debug|Any CPU.ActiveCfg = Debug|Any CPU
		{EFB5E823-AD82-4CAA-8DD2-87D46F33B55F}.Debug|Any CPU.Build.0 = Debug|Any CPU
		{EFB5E823-AD82-4CAA-8DD2-87D46F33B55F}.Debug|x64.ActiveCfg = Debug|Any CPU
		{EFB5E823-AD82-4CAA-8DD2-87D46F33B55F}.Debug|x64.Build.0 = Debug|Any CPU
		{EFB5E823-AD82-4CAA-8DD2-87D46F33B55F}.Debug|x86.ActiveCfg = Debug|Any CPU
		{EFB5E823-AD82-4CAA-8DD2-87D46F33B55F}.Debug|x86.Build.0 = Debug|Any CPU
		{EFB5E823-AD82-4CAA-8DD2-87D46F33B55F}.Release|Any CPU.ActiveCfg = Release|Any CPU
		{EFB5E823-AD82-4CAA-8DD2-87D46F33B55F}.Release|Any CPU.Build.0 = Release|Any CPU
		{EFB5E823-AD82-4CAA-8DD2-87D46F33B55F}.Release|x64.ActiveCfg = Release|Any CPU
		{EFB5E823-AD82-4CAA-8DD2-87D46F33B55F}.Release|x64.Build.0 = Release|Any CPU
		{EFB5E823-AD82-4CAA-8DD2-87D46F33B55F}.Release|x86.ActiveCfg = Release|Any CPU
		{EFB5E823-AD82-4CAA-8DD2-87D46F33B55F}.Release|x86.Build.0 = Release|Any CPU
		{9BF09E16-DAE5-4D01-83B5-75BA081B4C89}.Debug|Any CPU.ActiveCfg = Debug|Any CPU
		{9BF09E16-DAE5-4D01-83B5-75BA081B4C89}.Debug|Any CPU.Build.0 = Debug|Any CPU
		{9BF09E16-DAE5-4D01-83B5-75BA081B4C89}.Debug|x64.ActiveCfg = Debug|Any CPU
		{9BF09E16-DAE5-4D01-83B5-75BA081B4C89}.Debug|x64.Build.0 = Debug|Any CPU
		{9BF09E16-DAE5-4D01-83B5-75BA081B4C89}.Debug|x86.ActiveCfg = Debug|Any CPU
		{9BF09E16-DAE5-4D01-83B5-75BA081B4C89}.Debug|x86.Build.0 = Debug|Any CPU
		{9BF09E16-DAE5-4D01-83B5-75BA081B4C89}.Release|Any CPU.ActiveCfg = Release|Any CPU
		{9BF09E16-DAE5-4D01-83B5-75BA081B4C89}.Release|Any CPU.Build.0 = Release|Any CPU
		{9BF09E16-DAE5-4D01-83B5-75BA081B4C89}.Release|x64.ActiveCfg = Release|Any CPU
		{9BF09E16-DAE5-4D01-83B5-75BA081B4C89}.Release|x64.Build.0 = Release|Any CPU
		{9BF09E16-DAE5-4D01-83B5-75BA081B4C89}.Release|x86.ActiveCfg = Release|Any CPU
		{9BF09E16-DAE5-4D01-83B5-75BA081B4C89}.Release|x86.Build.0 = Release|Any CPU
		{40DA3767-DC0A-4056-977A-967DD96EF072}.Debug|Any CPU.ActiveCfg = Debug|Any CPU
		{40DA3767-DC0A-4056-977A-967DD96EF072}.Debug|Any CPU.Build.0 = Debug|Any CPU
		{40DA3767-DC0A-4056-977A-967DD96EF072}.Debug|x64.ActiveCfg = Debug|Any CPU
		{40DA3767-DC0A-4056-977A-967DD96EF072}.Debug|x64.Build.0 = Debug|Any CPU
		{40DA3767-DC0A-4056-977A-967DD96EF072}.Debug|x86.ActiveCfg = Debug|Any CPU
		{40DA3767-DC0A-4056-977A-967DD96EF072}.Debug|x86.Build.0 = Debug|Any CPU
		{40DA3767-DC0A-4056-977A-967DD96EF072}.Release|Any CPU.ActiveCfg = Release|Any CPU
		{40DA3767-DC0A-4056-977A-967DD96EF072}.Release|Any CPU.Build.0 = Release|Any CPU
		{40DA3767-DC0A-4056-977A-967DD96EF072}.Release|x64.ActiveCfg = Release|Any CPU
		{40DA3767-DC0A-4056-977A-967DD96EF072}.Release|x64.Build.0 = Release|Any CPU
		{40DA3767-DC0A-4056-977A-967DD96EF072}.Release|x86.ActiveCfg = Release|Any CPU
		{40DA3767-DC0A-4056-977A-967DD96EF072}.Release|x86.Build.0 = Release|Any CPU
		{D11A736D-CA65-4DB6-9ACC-A30A95B12FD3}.Debug|Any CPU.ActiveCfg = Debug|Any CPU
		{D11A736D-CA65-4DB6-9ACC-A30A95B12FD3}.Debug|Any CPU.Build.0 = Debug|Any CPU
		{D11A736D-CA65-4DB6-9ACC-A30A95B12FD3}.Debug|x64.ActiveCfg = Debug|Any CPU
		{D11A736D-CA65-4DB6-9ACC-A30A95B12FD3}.Debug|x64.Build.0 = Debug|Any CPU
		{D11A736D-CA65-4DB6-9ACC-A30A95B12FD3}.Debug|x86.ActiveCfg = Debug|Any CPU
		{D11A736D-CA65-4DB6-9ACC-A30A95B12FD3}.Debug|x86.Build.0 = Debug|Any CPU
		{D11A736D-CA65-4DB6-9ACC-A30A95B12FD3}.Release|Any CPU.ActiveCfg = Release|Any CPU
		{D11A736D-CA65-4DB6-9ACC-A30A95B12FD3}.Release|Any CPU.Build.0 = Release|Any CPU
		{D11A736D-CA65-4DB6-9ACC-A30A95B12FD3}.Release|x64.ActiveCfg = Release|Any CPU
		{D11A736D-CA65-4DB6-9ACC-A30A95B12FD3}.Release|x64.Build.0 = Release|Any CPU
		{D11A736D-CA65-4DB6-9ACC-A30A95B12FD3}.Release|x86.ActiveCfg = Release|Any CPU
		{D11A736D-CA65-4DB6-9ACC-A30A95B12FD3}.Release|x86.Build.0 = Release|Any CPU
		{BEB77366-353F-4BEC-A57E-83B6846DBB60}.Debug|Any CPU.ActiveCfg = Debug|Any CPU
		{BEB77366-353F-4BEC-A57E-83B6846DBB60}.Debug|Any CPU.Build.0 = Debug|Any CPU
		{BEB77366-353F-4BEC-A57E-83B6846DBB60}.Debug|x64.ActiveCfg = Debug|Any CPU
		{BEB77366-353F-4BEC-A57E-83B6846DBB60}.Debug|x64.Build.0 = Debug|Any CPU
		{BEB77366-353F-4BEC-A57E-83B6846DBB60}.Debug|x86.ActiveCfg = Debug|Any CPU
		{BEB77366-353F-4BEC-A57E-83B6846DBB60}.Debug|x86.Build.0 = Debug|Any CPU
		{BEB77366-353F-4BEC-A57E-83B6846DBB60}.Release|Any CPU.ActiveCfg = Release|Any CPU
		{BEB77366-353F-4BEC-A57E-83B6846DBB60}.Release|Any CPU.Build.0 = Release|Any CPU
		{BEB77366-353F-4BEC-A57E-83B6846DBB60}.Release|x64.ActiveCfg = Release|Any CPU
		{BEB77366-353F-4BEC-A57E-83B6846DBB60}.Release|x64.Build.0 = Release|Any CPU
		{BEB77366-353F-4BEC-A57E-83B6846DBB60}.Release|x86.ActiveCfg = Release|Any CPU
		{BEB77366-353F-4BEC-A57E-83B6846DBB60}.Release|x86.Build.0 = Release|Any CPU
		{1DD4ECF0-67E0-4D31-BD95-A15BA792E4CB}.Debug|Any CPU.ActiveCfg = Debug|Any CPU
		{1DD4ECF0-67E0-4D31-BD95-A15BA792E4CB}.Debug|Any CPU.Build.0 = Debug|Any CPU
		{1DD4ECF0-67E0-4D31-BD95-A15BA792E4CB}.Debug|x64.ActiveCfg = Debug|Any CPU
		{1DD4ECF0-67E0-4D31-BD95-A15BA792E4CB}.Debug|x64.Build.0 = Debug|Any CPU
		{1DD4ECF0-67E0-4D31-BD95-A15BA792E4CB}.Debug|x86.ActiveCfg = Debug|Any CPU
		{1DD4ECF0-67E0-4D31-BD95-A15BA792E4CB}.Debug|x86.Build.0 = Debug|Any CPU
		{1DD4ECF0-67E0-4D31-BD95-A15BA792E4CB}.Release|Any CPU.ActiveCfg = Release|Any CPU
		{1DD4ECF0-67E0-4D31-BD95-A15BA792E4CB}.Release|Any CPU.Build.0 = Release|Any CPU
		{1DD4ECF0-67E0-4D31-BD95-A15BA792E4CB}.Release|x64.ActiveCfg = Release|Any CPU
		{1DD4ECF0-67E0-4D31-BD95-A15BA792E4CB}.Release|x64.Build.0 = Release|Any CPU
		{1DD4ECF0-67E0-4D31-BD95-A15BA792E4CB}.Release|x86.ActiveCfg = Release|Any CPU
		{1DD4ECF0-67E0-4D31-BD95-A15BA792E4CB}.Release|x86.Build.0 = Release|Any CPU
		{5278A619-C7A7-4DD6-8732-C48E7532541F}.Debug|Any CPU.ActiveCfg = Debug|Any CPU
		{5278A619-C7A7-4DD6-8732-C48E7532541F}.Debug|Any CPU.Build.0 = Debug|Any CPU
		{5278A619-C7A7-4DD6-8732-C48E7532541F}.Debug|x64.ActiveCfg = Debug|Any CPU
		{5278A619-C7A7-4DD6-8732-C48E7532541F}.Debug|x64.Build.0 = Debug|Any CPU
		{5278A619-C7A7-4DD6-8732-C48E7532541F}.Debug|x86.ActiveCfg = Debug|Any CPU
		{5278A619-C7A7-4DD6-8732-C48E7532541F}.Debug|x86.Build.0 = Debug|Any CPU
		{5278A619-C7A7-4DD6-8732-C48E7532541F}.Release|Any CPU.ActiveCfg = Release|Any CPU
		{5278A619-C7A7-4DD6-8732-C48E7532541F}.Release|Any CPU.Build.0 = Release|Any CPU
		{5278A619-C7A7-4DD6-8732-C48E7532541F}.Release|x64.ActiveCfg = Release|Any CPU
		{5278A619-C7A7-4DD6-8732-C48E7532541F}.Release|x64.Build.0 = Release|Any CPU
		{5278A619-C7A7-4DD6-8732-C48E7532541F}.Release|x86.ActiveCfg = Release|Any CPU
		{5278A619-C7A7-4DD6-8732-C48E7532541F}.Release|x86.Build.0 = Release|Any CPU
		{786049B0-458B-4BC1-88A5-CB63165BEDEC}.Debug|Any CPU.ActiveCfg = Debug|Any CPU
		{786049B0-458B-4BC1-88A5-CB63165BEDEC}.Debug|Any CPU.Build.0 = Debug|Any CPU
		{786049B0-458B-4BC1-88A5-CB63165BEDEC}.Debug|x64.ActiveCfg = Debug|Any CPU
		{786049B0-458B-4BC1-88A5-CB63165BEDEC}.Debug|x64.Build.0 = Debug|Any CPU
		{786049B0-458B-4BC1-88A5-CB63165BEDEC}.Debug|x86.ActiveCfg = Debug|Any CPU
		{786049B0-458B-4BC1-88A5-CB63165BEDEC}.Debug|x86.Build.0 = Debug|Any CPU
		{786049B0-458B-4BC1-88A5-CB63165BEDEC}.Release|Any CPU.ActiveCfg = Release|Any CPU
		{786049B0-458B-4BC1-88A5-CB63165BEDEC}.Release|Any CPU.Build.0 = Release|Any CPU
		{786049B0-458B-4BC1-88A5-CB63165BEDEC}.Release|x64.ActiveCfg = Release|Any CPU
		{786049B0-458B-4BC1-88A5-CB63165BEDEC}.Release|x64.Build.0 = Release|Any CPU
		{786049B0-458B-4BC1-88A5-CB63165BEDEC}.Release|x86.ActiveCfg = Release|Any CPU
		{786049B0-458B-4BC1-88A5-CB63165BEDEC}.Release|x86.Build.0 = Release|Any CPU
		{F36D1356-030E-4877-BA08-2B7FF5CC1088}.Debug|Any CPU.ActiveCfg = Debug|Any CPU
		{F36D1356-030E-4877-BA08-2B7FF5CC1088}.Debug|Any CPU.Build.0 = Debug|Any CPU
		{F36D1356-030E-4877-BA08-2B7FF5CC1088}.Debug|x64.ActiveCfg = Debug|Any CPU
		{F36D1356-030E-4877-BA08-2B7FF5CC1088}.Debug|x64.Build.0 = Debug|Any CPU
		{F36D1356-030E-4877-BA08-2B7FF5CC1088}.Debug|x86.ActiveCfg = Debug|Any CPU
		{F36D1356-030E-4877-BA08-2B7FF5CC1088}.Debug|x86.Build.0 = Debug|Any CPU
		{F36D1356-030E-4877-BA08-2B7FF5CC1088}.Release|Any CPU.ActiveCfg = Release|Any CPU
		{F36D1356-030E-4877-BA08-2B7FF5CC1088}.Release|Any CPU.Build.0 = Release|Any CPU
		{F36D1356-030E-4877-BA08-2B7FF5CC1088}.Release|x64.ActiveCfg = Release|Any CPU
		{F36D1356-030E-4877-BA08-2B7FF5CC1088}.Release|x64.Build.0 = Release|Any CPU
		{F36D1356-030E-4877-BA08-2B7FF5CC1088}.Release|x86.ActiveCfg = Release|Any CPU
		{F36D1356-030E-4877-BA08-2B7FF5CC1088}.Release|x86.Build.0 = Release|Any CPU
		{C5DBD598-4B30-41BE-8CBB-922843BB50B7}.Debug|Any CPU.ActiveCfg = Debug|Any CPU
		{C5DBD598-4B30-41BE-8CBB-922843BB50B7}.Debug|Any CPU.Build.0 = Debug|Any CPU
		{C5DBD598-4B30-41BE-8CBB-922843BB50B7}.Debug|x64.ActiveCfg = Debug|Any CPU
		{C5DBD598-4B30-41BE-8CBB-922843BB50B7}.Debug|x64.Build.0 = Debug|Any CPU
		{C5DBD598-4B30-41BE-8CBB-922843BB50B7}.Debug|x86.ActiveCfg = Debug|Any CPU
		{C5DBD598-4B30-41BE-8CBB-922843BB50B7}.Debug|x86.Build.0 = Debug|Any CPU
		{C5DBD598-4B30-41BE-8CBB-922843BB50B7}.Release|Any CPU.ActiveCfg = Release|Any CPU
		{C5DBD598-4B30-41BE-8CBB-922843BB50B7}.Release|Any CPU.Build.0 = Release|Any CPU
		{C5DBD598-4B30-41BE-8CBB-922843BB50B7}.Release|x64.ActiveCfg = Release|Any CPU
		{C5DBD598-4B30-41BE-8CBB-922843BB50B7}.Release|x64.Build.0 = Release|Any CPU
		{C5DBD598-4B30-41BE-8CBB-922843BB50B7}.Release|x86.ActiveCfg = Release|Any CPU
		{C5DBD598-4B30-41BE-8CBB-922843BB50B7}.Release|x86.Build.0 = Release|Any CPU
		{2A3DDD6A-7404-44E4-AC07-BB320D752C73}.Debug|Any CPU.ActiveCfg = Debug|Any CPU
		{2A3DDD6A-7404-44E4-AC07-BB320D752C73}.Debug|Any CPU.Build.0 = Debug|Any CPU
		{2A3DDD6A-7404-44E4-AC07-BB320D752C73}.Debug|x64.ActiveCfg = Debug|Any CPU
		{2A3DDD6A-7404-44E4-AC07-BB320D752C73}.Debug|x64.Build.0 = Debug|Any CPU
		{2A3DDD6A-7404-44E4-AC07-BB320D752C73}.Debug|x86.ActiveCfg = Debug|Any CPU
		{2A3DDD6A-7404-44E4-AC07-BB320D752C73}.Debug|x86.Build.0 = Debug|Any CPU
		{2A3DDD6A-7404-44E4-AC07-BB320D752C73}.Release|Any CPU.ActiveCfg = Release|Any CPU
		{2A3DDD6A-7404-44E4-AC07-BB320D752C73}.Release|Any CPU.Build.0 = Release|Any CPU
		{2A3DDD6A-7404-44E4-AC07-BB320D752C73}.Release|x64.ActiveCfg = Release|Any CPU
		{2A3DDD6A-7404-44E4-AC07-BB320D752C73}.Release|x64.Build.0 = Release|Any CPU
		{2A3DDD6A-7404-44E4-AC07-BB320D752C73}.Release|x86.ActiveCfg = Release|Any CPU
		{2A3DDD6A-7404-44E4-AC07-BB320D752C73}.Release|x86.Build.0 = Release|Any CPU
		{9FEAE684-B7B7-4013-B7A0-6D95DEBD7B97}.Debug|Any CPU.ActiveCfg = Debug|Any CPU
		{9FEAE684-B7B7-4013-B7A0-6D95DEBD7B97}.Debug|Any CPU.Build.0 = Debug|Any CPU
		{9FEAE684-B7B7-4013-B7A0-6D95DEBD7B97}.Debug|x64.ActiveCfg = Debug|Any CPU
		{9FEAE684-B7B7-4013-B7A0-6D95DEBD7B97}.Debug|x64.Build.0 = Debug|Any CPU
		{9FEAE684-B7B7-4013-B7A0-6D95DEBD7B97}.Debug|x86.ActiveCfg = Debug|Any CPU
		{9FEAE684-B7B7-4013-B7A0-6D95DEBD7B97}.Debug|x86.Build.0 = Debug|Any CPU
		{9FEAE684-B7B7-4013-B7A0-6D95DEBD7B97}.Release|Any CPU.ActiveCfg = Release|Any CPU
		{9FEAE684-B7B7-4013-B7A0-6D95DEBD7B97}.Release|Any CPU.Build.0 = Release|Any CPU
		{9FEAE684-B7B7-4013-B7A0-6D95DEBD7B97}.Release|x64.ActiveCfg = Release|Any CPU
		{9FEAE684-B7B7-4013-B7A0-6D95DEBD7B97}.Release|x64.Build.0 = Release|Any CPU
		{9FEAE684-B7B7-4013-B7A0-6D95DEBD7B97}.Release|x86.ActiveCfg = Release|Any CPU
		{9FEAE684-B7B7-4013-B7A0-6D95DEBD7B97}.Release|x86.Build.0 = Release|Any CPU
		{A47A4EA3-860B-48CF-8BBA-396C33A37C56}.Debug|Any CPU.ActiveCfg = Debug|Any CPU
		{A47A4EA3-860B-48CF-8BBA-396C33A37C56}.Debug|Any CPU.Build.0 = Debug|Any CPU
		{A47A4EA3-860B-48CF-8BBA-396C33A37C56}.Debug|x64.ActiveCfg = Debug|Any CPU
		{A47A4EA3-860B-48CF-8BBA-396C33A37C56}.Debug|x64.Build.0 = Debug|Any CPU
		{A47A4EA3-860B-48CF-8BBA-396C33A37C56}.Debug|x86.ActiveCfg = Debug|Any CPU
		{A47A4EA3-860B-48CF-8BBA-396C33A37C56}.Debug|x86.Build.0 = Debug|Any CPU
		{A47A4EA3-860B-48CF-8BBA-396C33A37C56}.Release|Any CPU.ActiveCfg = Release|Any CPU
		{A47A4EA3-860B-48CF-8BBA-396C33A37C56}.Release|Any CPU.Build.0 = Release|Any CPU
		{A47A4EA3-860B-48CF-8BBA-396C33A37C56}.Release|x64.ActiveCfg = Release|Any CPU
		{A47A4EA3-860B-48CF-8BBA-396C33A37C56}.Release|x64.Build.0 = Release|Any CPU
		{A47A4EA3-860B-48CF-8BBA-396C33A37C56}.Release|x86.ActiveCfg = Release|Any CPU
		{A47A4EA3-860B-48CF-8BBA-396C33A37C56}.Release|x86.Build.0 = Release|Any CPU
		{841F98C7-8AEE-4DF3-A337-CE4BEF5074DC}.Debug|Any CPU.ActiveCfg = Debug|Any CPU
		{841F98C7-8AEE-4DF3-A337-CE4BEF5074DC}.Debug|Any CPU.Build.0 = Debug|Any CPU
		{841F98C7-8AEE-4DF3-A337-CE4BEF5074DC}.Debug|x64.ActiveCfg = Debug|Any CPU
		{841F98C7-8AEE-4DF3-A337-CE4BEF5074DC}.Debug|x64.Build.0 = Debug|Any CPU
		{841F98C7-8AEE-4DF3-A337-CE4BEF5074DC}.Debug|x86.ActiveCfg = Debug|Any CPU
		{841F98C7-8AEE-4DF3-A337-CE4BEF5074DC}.Debug|x86.Build.0 = Debug|Any CPU
		{841F98C7-8AEE-4DF3-A337-CE4BEF5074DC}.Release|Any CPU.ActiveCfg = Release|Any CPU
		{841F98C7-8AEE-4DF3-A337-CE4BEF5074DC}.Release|Any CPU.Build.0 = Release|Any CPU
		{841F98C7-8AEE-4DF3-A337-CE4BEF5074DC}.Release|x64.ActiveCfg = Release|Any CPU
		{841F98C7-8AEE-4DF3-A337-CE4BEF5074DC}.Release|x64.Build.0 = Release|Any CPU
		{841F98C7-8AEE-4DF3-A337-CE4BEF5074DC}.Release|x86.ActiveCfg = Release|Any CPU
		{841F98C7-8AEE-4DF3-A337-CE4BEF5074DC}.Release|x86.Build.0 = Release|Any CPU
		{BB22B35D-ADD3-4220-AE18-31B2FE70C066}.Debug|Any CPU.ActiveCfg = Debug|Any CPU
		{BB22B35D-ADD3-4220-AE18-31B2FE70C066}.Debug|Any CPU.Build.0 = Debug|Any CPU
		{BB22B35D-ADD3-4220-AE18-31B2FE70C066}.Debug|x64.ActiveCfg = Debug|Any CPU
		{BB22B35D-ADD3-4220-AE18-31B2FE70C066}.Debug|x64.Build.0 = Debug|Any CPU
		{BB22B35D-ADD3-4220-AE18-31B2FE70C066}.Debug|x86.ActiveCfg = Debug|Any CPU
		{BB22B35D-ADD3-4220-AE18-31B2FE70C066}.Debug|x86.Build.0 = Debug|Any CPU
		{BB22B35D-ADD3-4220-AE18-31B2FE70C066}.Release|Any CPU.ActiveCfg = Release|Any CPU
		{BB22B35D-ADD3-4220-AE18-31B2FE70C066}.Release|Any CPU.Build.0 = Release|Any CPU
		{BB22B35D-ADD3-4220-AE18-31B2FE70C066}.Release|x64.ActiveCfg = Release|Any CPU
		{BB22B35D-ADD3-4220-AE18-31B2FE70C066}.Release|x64.Build.0 = Release|Any CPU
		{BB22B35D-ADD3-4220-AE18-31B2FE70C066}.Release|x86.ActiveCfg = Release|Any CPU
		{BB22B35D-ADD3-4220-AE18-31B2FE70C066}.Release|x86.Build.0 = Release|Any CPU
		{7F6D6031-4072-4B5C-AC2B-5C36ED36106A}.Debug|Any CPU.ActiveCfg = Debug|Any CPU
		{7F6D6031-4072-4B5C-AC2B-5C36ED36106A}.Debug|Any CPU.Build.0 = Debug|Any CPU
		{7F6D6031-4072-4B5C-AC2B-5C36ED36106A}.Debug|x64.ActiveCfg = Debug|Any CPU
		{7F6D6031-4072-4B5C-AC2B-5C36ED36106A}.Debug|x64.Build.0 = Debug|Any CPU
		{7F6D6031-4072-4B5C-AC2B-5C36ED36106A}.Debug|x86.ActiveCfg = Debug|Any CPU
		{7F6D6031-4072-4B5C-AC2B-5C36ED36106A}.Debug|x86.Build.0 = Debug|Any CPU
		{7F6D6031-4072-4B5C-AC2B-5C36ED36106A}.Release|Any CPU.ActiveCfg = Release|Any CPU
		{7F6D6031-4072-4B5C-AC2B-5C36ED36106A}.Release|Any CPU.Build.0 = Release|Any CPU
		{7F6D6031-4072-4B5C-AC2B-5C36ED36106A}.Release|x64.ActiveCfg = Release|Any CPU
		{7F6D6031-4072-4B5C-AC2B-5C36ED36106A}.Release|x64.Build.0 = Release|Any CPU
		{7F6D6031-4072-4B5C-AC2B-5C36ED36106A}.Release|x86.ActiveCfg = Release|Any CPU
		{7F6D6031-4072-4B5C-AC2B-5C36ED36106A}.Release|x86.Build.0 = Release|Any CPU
		{8D08788E-118A-47A8-BE4B-66E05C10941E}.Debug|Any CPU.ActiveCfg = Debug|Any CPU
		{8D08788E-118A-47A8-BE4B-66E05C10941E}.Debug|Any CPU.Build.0 = Debug|Any CPU
		{8D08788E-118A-47A8-BE4B-66E05C10941E}.Debug|x64.ActiveCfg = Debug|Any CPU
		{8D08788E-118A-47A8-BE4B-66E05C10941E}.Debug|x64.Build.0 = Debug|Any CPU
		{8D08788E-118A-47A8-BE4B-66E05C10941E}.Debug|x86.ActiveCfg = Debug|Any CPU
		{8D08788E-118A-47A8-BE4B-66E05C10941E}.Debug|x86.Build.0 = Debug|Any CPU
		{8D08788E-118A-47A8-BE4B-66E05C10941E}.Release|Any CPU.ActiveCfg = Release|Any CPU
		{8D08788E-118A-47A8-BE4B-66E05C10941E}.Release|Any CPU.Build.0 = Release|Any CPU
		{8D08788E-118A-47A8-BE4B-66E05C10941E}.Release|x64.ActiveCfg = Release|Any CPU
		{8D08788E-118A-47A8-BE4B-66E05C10941E}.Release|x64.Build.0 = Release|Any CPU
		{8D08788E-118A-47A8-BE4B-66E05C10941E}.Release|x86.ActiveCfg = Release|Any CPU
		{8D08788E-118A-47A8-BE4B-66E05C10941E}.Release|x86.Build.0 = Release|Any CPU
		{57D11A66-592F-4CEC-B7CF-C20D2FBF1986}.Debug|Any CPU.ActiveCfg = Debug|Any CPU
		{57D11A66-592F-4CEC-B7CF-C20D2FBF1986}.Debug|Any CPU.Build.0 = Debug|Any CPU
		{57D11A66-592F-4CEC-B7CF-C20D2FBF1986}.Debug|x64.ActiveCfg = Debug|Any CPU
		{57D11A66-592F-4CEC-B7CF-C20D2FBF1986}.Debug|x64.Build.0 = Debug|Any CPU
		{57D11A66-592F-4CEC-B7CF-C20D2FBF1986}.Debug|x86.ActiveCfg = Debug|Any CPU
		{57D11A66-592F-4CEC-B7CF-C20D2FBF1986}.Debug|x86.Build.0 = Debug|Any CPU
		{57D11A66-592F-4CEC-B7CF-C20D2FBF1986}.Release|Any CPU.ActiveCfg = Release|Any CPU
		{57D11A66-592F-4CEC-B7CF-C20D2FBF1986}.Release|Any CPU.Build.0 = Release|Any CPU
		{57D11A66-592F-4CEC-B7CF-C20D2FBF1986}.Release|x64.ActiveCfg = Release|Any CPU
		{57D11A66-592F-4CEC-B7CF-C20D2FBF1986}.Release|x64.Build.0 = Release|Any CPU
		{57D11A66-592F-4CEC-B7CF-C20D2FBF1986}.Release|x86.ActiveCfg = Release|Any CPU
		{57D11A66-592F-4CEC-B7CF-C20D2FBF1986}.Release|x86.Build.0 = Release|Any CPU
		{C1BF1DD3-78C6-4BB1-A8F7-AF154D5AB7EA}.Debug|Any CPU.ActiveCfg = Debug|Any CPU
		{C1BF1DD3-78C6-4BB1-A8F7-AF154D5AB7EA}.Debug|Any CPU.Build.0 = Debug|Any CPU
		{C1BF1DD3-78C6-4BB1-A8F7-AF154D5AB7EA}.Debug|x64.ActiveCfg = Debug|Any CPU
		{C1BF1DD3-78C6-4BB1-A8F7-AF154D5AB7EA}.Debug|x64.Build.0 = Debug|Any CPU
		{C1BF1DD3-78C6-4BB1-A8F7-AF154D5AB7EA}.Debug|x86.ActiveCfg = Debug|Any CPU
		{C1BF1DD3-78C6-4BB1-A8F7-AF154D5AB7EA}.Debug|x86.Build.0 = Debug|Any CPU
		{C1BF1DD3-78C6-4BB1-A8F7-AF154D5AB7EA}.Release|Any CPU.ActiveCfg = Release|Any CPU
		{C1BF1DD3-78C6-4BB1-A8F7-AF154D5AB7EA}.Release|Any CPU.Build.0 = Release|Any CPU
		{C1BF1DD3-78C6-4BB1-A8F7-AF154D5AB7EA}.Release|x64.ActiveCfg = Release|Any CPU
		{C1BF1DD3-78C6-4BB1-A8F7-AF154D5AB7EA}.Release|x64.Build.0 = Release|Any CPU
		{C1BF1DD3-78C6-4BB1-A8F7-AF154D5AB7EA}.Release|x86.ActiveCfg = Release|Any CPU
		{C1BF1DD3-78C6-4BB1-A8F7-AF154D5AB7EA}.Release|x86.Build.0 = Release|Any CPU
		{55E9A3A1-E403-4EA9-B59B-08051D9F2B47}.Debug|Any CPU.ActiveCfg = Debug|Any CPU
		{55E9A3A1-E403-4EA9-B59B-08051D9F2B47}.Debug|Any CPU.Build.0 = Debug|Any CPU
		{55E9A3A1-E403-4EA9-B59B-08051D9F2B47}.Debug|x64.ActiveCfg = Debug|Any CPU
		{55E9A3A1-E403-4EA9-B59B-08051D9F2B47}.Debug|x64.Build.0 = Debug|Any CPU
		{55E9A3A1-E403-4EA9-B59B-08051D9F2B47}.Debug|x86.ActiveCfg = Debug|Any CPU
		{55E9A3A1-E403-4EA9-B59B-08051D9F2B47}.Debug|x86.Build.0 = Debug|Any CPU
		{55E9A3A1-E403-4EA9-B59B-08051D9F2B47}.Release|Any CPU.ActiveCfg = Release|Any CPU
		{55E9A3A1-E403-4EA9-B59B-08051D9F2B47}.Release|Any CPU.Build.0 = Release|Any CPU
		{55E9A3A1-E403-4EA9-B59B-08051D9F2B47}.Release|x64.ActiveCfg = Release|Any CPU
		{55E9A3A1-E403-4EA9-B59B-08051D9F2B47}.Release|x64.Build.0 = Release|Any CPU
		{55E9A3A1-E403-4EA9-B59B-08051D9F2B47}.Release|x86.ActiveCfg = Release|Any CPU
		{55E9A3A1-E403-4EA9-B59B-08051D9F2B47}.Release|x86.Build.0 = Release|Any CPU
		{44DCD081-6E87-42F1-A37F-515C186BA88D}.Debug|Any CPU.ActiveCfg = Debug|Any CPU
		{44DCD081-6E87-42F1-A37F-515C186BA88D}.Debug|Any CPU.Build.0 = Debug|Any CPU
		{44DCD081-6E87-42F1-A37F-515C186BA88D}.Debug|x64.ActiveCfg = Debug|Any CPU
		{44DCD081-6E87-42F1-A37F-515C186BA88D}.Debug|x64.Build.0 = Debug|Any CPU
		{44DCD081-6E87-42F1-A37F-515C186BA88D}.Debug|x86.ActiveCfg = Debug|Any CPU
		{44DCD081-6E87-42F1-A37F-515C186BA88D}.Debug|x86.Build.0 = Debug|Any CPU
		{44DCD081-6E87-42F1-A37F-515C186BA88D}.Release|Any CPU.ActiveCfg = Release|Any CPU
		{44DCD081-6E87-42F1-A37F-515C186BA88D}.Release|Any CPU.Build.0 = Release|Any CPU
		{44DCD081-6E87-42F1-A37F-515C186BA88D}.Release|x64.ActiveCfg = Release|Any CPU
		{44DCD081-6E87-42F1-A37F-515C186BA88D}.Release|x64.Build.0 = Release|Any CPU
		{44DCD081-6E87-42F1-A37F-515C186BA88D}.Release|x86.ActiveCfg = Release|Any CPU
		{44DCD081-6E87-42F1-A37F-515C186BA88D}.Release|x86.Build.0 = Release|Any CPU
		{18CAB63F-FD81-4E89-98CE-856BE7B99492}.Debug|Any CPU.ActiveCfg = Debug|Any CPU
		{18CAB63F-FD81-4E89-98CE-856BE7B99492}.Debug|Any CPU.Build.0 = Debug|Any CPU
		{18CAB63F-FD81-4E89-98CE-856BE7B99492}.Debug|x64.ActiveCfg = Debug|Any CPU
		{18CAB63F-FD81-4E89-98CE-856BE7B99492}.Debug|x64.Build.0 = Debug|Any CPU
		{18CAB63F-FD81-4E89-98CE-856BE7B99492}.Debug|x86.ActiveCfg = Debug|Any CPU
		{18CAB63F-FD81-4E89-98CE-856BE7B99492}.Debug|x86.Build.0 = Debug|Any CPU
		{18CAB63F-FD81-4E89-98CE-856BE7B99492}.Release|Any CPU.ActiveCfg = Release|Any CPU
		{18CAB63F-FD81-4E89-98CE-856BE7B99492}.Release|Any CPU.Build.0 = Release|Any CPU
		{18CAB63F-FD81-4E89-98CE-856BE7B99492}.Release|x64.ActiveCfg = Release|Any CPU
		{18CAB63F-FD81-4E89-98CE-856BE7B99492}.Release|x64.Build.0 = Release|Any CPU
		{18CAB63F-FD81-4E89-98CE-856BE7B99492}.Release|x86.ActiveCfg = Release|Any CPU
		{18CAB63F-FD81-4E89-98CE-856BE7B99492}.Release|x86.Build.0 = Release|Any CPU
		{817CDD85-E808-40A0-A548-DBB25122C45F}.Debug|Any CPU.ActiveCfg = Debug|Any CPU
		{817CDD85-E808-40A0-A548-DBB25122C45F}.Debug|Any CPU.Build.0 = Debug|Any CPU
		{817CDD85-E808-40A0-A548-DBB25122C45F}.Debug|x64.ActiveCfg = Debug|Any CPU
		{817CDD85-E808-40A0-A548-DBB25122C45F}.Debug|x64.Build.0 = Debug|Any CPU
		{817CDD85-E808-40A0-A548-DBB25122C45F}.Debug|x86.ActiveCfg = Debug|Any CPU
		{817CDD85-E808-40A0-A548-DBB25122C45F}.Debug|x86.Build.0 = Debug|Any CPU
		{817CDD85-E808-40A0-A548-DBB25122C45F}.Release|Any CPU.ActiveCfg = Release|Any CPU
		{817CDD85-E808-40A0-A548-DBB25122C45F}.Release|Any CPU.Build.0 = Release|Any CPU
		{817CDD85-E808-40A0-A548-DBB25122C45F}.Release|x64.ActiveCfg = Release|Any CPU
		{817CDD85-E808-40A0-A548-DBB25122C45F}.Release|x64.Build.0 = Release|Any CPU
		{817CDD85-E808-40A0-A548-DBB25122C45F}.Release|x86.ActiveCfg = Release|Any CPU
		{817CDD85-E808-40A0-A548-DBB25122C45F}.Release|x86.Build.0 = Release|Any CPU
	EndGlobalSection
	GlobalSection(SolutionProperties) = preSolution
		HideSolutionNode = FALSE
	EndGlobalSection
	GlobalSection(NestedProjects) = preSolution
		{984BB9B3-3FA3-BE33-9484-CAC21695A33C} = {827E0CD3-B72D-47B6-A68D-7590B98EB39B}
		{F5625D22-DF6D-6E20-0384-6B2F7CAD8697} = {984BB9B3-3FA3-BE33-9484-CAC21695A33C}
		{4212590E-C026-43A5-B2BC-20B90B3008F4} = {F5625D22-DF6D-6E20-0384-6B2F7CAD8697}
		{B28F0072-59E1-47E9-B842-7EC47CE82DB2} = {F5625D22-DF6D-6E20-0384-6B2F7CAD8697}
		{DD9A1160-6CB6-4833-8D38-A9EC710283C9} = {F5625D22-DF6D-6E20-0384-6B2F7CAD8697}
		{C704F591-14A2-4E59-9ECD-1C3A22A1E99B} = {F5625D22-DF6D-6E20-0384-6B2F7CAD8697}
		{E5D37D69-54D0-4E82-AB73-2A6D6D37AD11} = {F5625D22-DF6D-6E20-0384-6B2F7CAD8697}
		{3D88576C-E3CC-4A87-9CBF-B5B520DC22B5} = {F5625D22-DF6D-6E20-0384-6B2F7CAD8697}
		{EFB5E823-AD82-4CAA-8DD2-87D46F33B55F} = {F5625D22-DF6D-6E20-0384-6B2F7CAD8697}
		{9BF09E16-DAE5-4D01-83B5-75BA081B4C89} = {F5625D22-DF6D-6E20-0384-6B2F7CAD8697}
		{2F82A921-F5AC-497D-C46A-64A82B34AE26} = {984BB9B3-3FA3-BE33-9484-CAC21695A33C}
		{40DA3767-DC0A-4056-977A-967DD96EF072} = {2F82A921-F5AC-497D-C46A-64A82B34AE26}
		{D11A736D-CA65-4DB6-9ACC-A30A95B12FD3} = {2F82A921-F5AC-497D-C46A-64A82B34AE26}
		{BEB77366-353F-4BEC-A57E-83B6846DBB60} = {2F82A921-F5AC-497D-C46A-64A82B34AE26}
		{1DD4ECF0-67E0-4D31-BD95-A15BA792E4CB} = {2F82A921-F5AC-497D-C46A-64A82B34AE26}
		{5278A619-C7A7-4DD6-8732-C48E7532541F} = {2F82A921-F5AC-497D-C46A-64A82B34AE26}
		{786049B0-458B-4BC1-88A5-CB63165BEDEC} = {2F82A921-F5AC-497D-C46A-64A82B34AE26}
		{F36D1356-030E-4877-BA08-2B7FF5CC1088} = {2F82A921-F5AC-497D-C46A-64A82B34AE26}
		{C5DBD598-4B30-41BE-8CBB-922843BB50B7} = {2F82A921-F5AC-497D-C46A-64A82B34AE26}
		{C8E42992-5E42-0C2B-DBFE-AA848D06431C} = {827E0CD3-B72D-47B6-A68D-7590B98EB39B}
		{2A3DDD6A-7404-44E4-AC07-BB320D752C73} = {C8E42992-5E42-0C2B-DBFE-AA848D06431C}
		{9FEAE684-B7B7-4013-B7A0-6D95DEBD7B97} = {C8E42992-5E42-0C2B-DBFE-AA848D06431C}
		{A47A4EA3-860B-48CF-8BBA-396C33A37C56} = {C8E42992-5E42-0C2B-DBFE-AA848D06431C}
		{841F98C7-8AEE-4DF3-A337-CE4BEF5074DC} = {C8E42992-5E42-0C2B-DBFE-AA848D06431C}
		{BB22B35D-ADD3-4220-AE18-31B2FE70C066} = {C8E42992-5E42-0C2B-DBFE-AA848D06431C}
		{6306A8FB-679E-111F-6585-8F70E0EE6013} = {827E0CD3-B72D-47B6-A68D-7590B98EB39B}
		{7F6D6031-4072-4B5C-AC2B-5C36ED36106A} = {6306A8FB-679E-111F-6585-8F70E0EE6013}
		{3D2E8631-8982-4CD8-85A8-437089729894} = {984BB9B3-3FA3-BE33-9484-CAC21695A33C}
		{8D08788E-118A-47A8-BE4B-66E05C10941E} = {3D2E8631-8982-4CD8-85A8-437089729894}
		{57D11A66-592F-4CEC-B7CF-C20D2FBF1986} = {3D2E8631-8982-4CD8-85A8-437089729894}
		{C1BF1DD3-78C6-4BB1-A8F7-AF154D5AB7EA} = {3D2E8631-8982-4CD8-85A8-437089729894}
		{55E9A3A1-E403-4EA9-B59B-08051D9F2B47} = {3D2E8631-8982-4CD8-85A8-437089729894}
		{44DCD081-6E87-42F1-A37F-515C186BA88D} = {3D2E8631-8982-4CD8-85A8-437089729894}
		{18CAB63F-FD81-4E89-98CE-856BE7B99492} = {3D2E8631-8982-4CD8-85A8-437089729894}
		{817CDD85-E808-40A0-A548-DBB25122C45F} = {3D2E8631-8982-4CD8-85A8-437089729894}
	EndGlobalSection
EndGlobal
